
Microsoft Visual Studio Solution File, Format Version 12.00
# Visual Studio Version 17
VisualStudioVersion = 17.5.002.0
MinimumVisualStudioVersion = 10.0.40219.1
Project("{9A19103F-16F7-4668-BE54-9A1E7A4F7556}") = "csharpconsoleapp", "csharpconsoleapp.csproj", "{73C60CE6-D393-4C5E-99DA-5EE778CBC8CB}"
EndProject
Global
	GlobalSection(SolutionConfigurationPlatforms) = preSolution
		Debug|Any CPU = Debug|Any CPU
		Release|Any CPU = Release|Any CPU
	EndGlobalSection
	GlobalSection(ProjectConfigurationPlatforms) = postSolution
		{73C60CE6-D393-4C5E-99DA-5EE778CBC8CB}.Debug|Any CPU.ActiveCfg = Debug|Any CPU
		{73C60CE6-D393-4C5E-99DA-5EE778CBC8CB}.Debug|Any CPU.Build.0 = Debug|Any CPU
		{73C60CE6-D393-4C5E-99DA-5EE778CBC8CB}.Release|Any CPU.ActiveCfg = Release|Any CPU
		{73C60CE6-D393-4C5E-99DA-5EE778CBC8CB}.Release|Any CPU.Build.0 = Release|Any CPU
	EndGlobalSection
	GlobalSection(SolutionProperties) = preSolution
		HideSolutionNode = FALSE
	EndGlobalSection
	GlobalSection(ExtensibilityGlobals) = postSolution
		SolutionGuid = {3FDBC405-FE1F-4F1A-BD3C-653841F49765}
	EndGlobalSection
EndGlobal
